
Microsoft Visual Studio Solution File, Format Version 12.00
# Visual Studio Version 17
VisualStudioVersion = 17.7.34031.279
MinimumVisualStudioVersion = 10.0.40219.1
Project("{FAE04EC0-301F-11D3-BF4B-00C04F79EFBC}") = "GaraMan", "GaraMan\GaraMan.csproj", "{EDC907B5-8214-4877-B924-E3B6617B725D}"
EndProject
Global
	GlobalSection(SolutionConfigurationPlatforms) = preSolution
		Debug|Any CPU = Debug|Any CPU
		Release|Any CPU = Release|Any CPU
	EndGlobalSection
	GlobalSection(ProjectConfigurationPlatforms) = postSolution
		{EDC907B5-8214-4877-B924-E3B6617B725D}.Debug|Any CPU.ActiveCfg = Debug|Any CPU
		{EDC907B5-8214-4877-B924-E3B6617B725D}.Debug|Any CPU.Build.0 = Debug|Any CPU
		{EDC907B5-8214-4877-B924-E3B6617B725D}.Release|Any CPU.ActiveCfg = Release|Any CPU
		{EDC907B5-8214-4877-B924-E3B6617B725D}.Release|Any CPU.Build.0 = Release|Any CPU
	EndGlobalSection
	GlobalSection(SolutionProperties) = preSolution
		HideSolutionNode = FALSE
	EndGlobalSection
	GlobalSection(ExtensibilityGlobals) = postSolution
		SolutionGuid = {EAFDACA6-F7E5-447A-A03F-0039BD89AC4B}
	EndGlobalSection
EndGlobal
